{
    "_readme": [
        "This file locks the dependencies of your project to a known state",
        "Read more about it at https://getcomposer.org/doc/01-basic-usage.md#composer-lock-the-lock-file",
        "This file is @generated automatically"
    ],
    "hash": "5dedbc76ffa25ce85584ce46e6b91599",
    "content-hash": "f39a1c16520c52472fb5bab656afa6b9",
    "packages": [
        {
            "name": "guzzlehttp/guzzle",
            "version": "6.2.1",
            "source": {
                "type": "git",
                "url": "https://github.com/guzzle/guzzle.git",
                "reference": "3f808fba627f2c5b69e2501217bf31af349c1427"
            },
            "dist": {
                "type": "zip",
                "url": "https://packagist.phpcomposer.com/files/guzzle/guzzle/3f808fba627f2c5b69e2501217bf31af349c1427.zip",
                "reference": "3f808fba627f2c5b69e2501217bf31af349c1427",
                "shasum": ""
            },
            "require": {
                "guzzlehttp/promises": "^1.0",
                "guzzlehttp/psr7": "^1.3.1",
                "php": ">=5.5"
            },
            "require-dev": {
                "ext-curl": "*",
                "phpunit/phpunit": "^4.0",
                "psr/log": "^1.0"
            },
            "type": "library",
            "extra": {
                "branch-alias": {
                    "dev-master": "6.2-dev"
                }
            },
            "autoload": {
                "files": [
                    "src/functions_include.php"
                ],
                "psr-4": {
                    "GuzzleHttp\\": "src/"
                }
            },
            "notification-url": "https://packagist.org/downloads/",
            "license": [
                "MIT"
            ],
            "authors": [
                {
                    "name": "Michael Dowling",
                    "email": "mtdowling@gmail.com",
                    "homepage": "https://github.com/mtdowling"
                }
            ],
            "description": "Guzzle is a PHP HTTP client library",
            "homepage": "http://guzzlephp.org/",
            "keywords": [
                "client",
                "curl",
                "framework",
                "http",
                "http client",
                "rest",
                "web service"
            ],
            "time": "2016-07-15 17:22:37"
        },
        {
            "name": "guzzlehttp/promises",
            "version": "1.2.0",
            "source": {
                "type": "git",
                "url": "https://github.com/guzzle/promises.git",
                "reference": "c10d860e2a9595f8883527fa0021c7da9e65f579"
            },
            "dist": {
                "type": "zip",
                "url": "https://packagist.phpcomposer.com/files/guzzle/promises/c10d860e2a9595f8883527fa0021c7da9e65f579.zip",
                "reference": "c10d860e2a9595f8883527fa0021c7da9e65f579",
                "shasum": ""
            },
            "require": {
                "php": ">=5.5.0"
            },
            "require-dev": {
                "phpunit/phpunit": "~4.0"
            },
            "type": "library",
            "extra": {
                "branch-alias": {
                    "dev-master": "1.0-dev"
                }
            },
            "autoload": {
                "psr-4": {
                    "GuzzleHttp\\Promise\\": "src/"
                },
                "files": [
                    "src/functions_include.php"
                ]
            },
            "notification-url": "https://packagist.org/downloads/",
            "license": [
                "MIT"
            ],
            "authors": [
                {
                    "name": "Michael Dowling",
                    "email": "mtdowling@gmail.com",
                    "homepage": "https://github.com/mtdowling"
                }
            ],
            "description": "Guzzle promises library",
            "keywords": [
                "promise"
            ],
            "time": "2016-05-18 16:56:05"
        },
        {
            "name": "guzzlehttp/psr7",
            "version": "1.3.1",
            "source": {
                "type": "git",
                "url": "https://github.com/guzzle/psr7.git",
                "reference": "5c6447c9df362e8f8093bda8f5d8873fe5c7f65b"
            },
            "dist": {
                "type": "zip",
                "url": "https://packagist.phpcomposer.com/files/guzzle/psr7/5c6447c9df362e8f8093bda8f5d8873fe5c7f65b.zip",
                "reference": "5c6447c9df362e8f8093bda8f5d8873fe5c7f65b",
                "shasum": ""
            },
            "require": {
                "php": ">=5.4.0",
                "psr/http-message": "~1.0"
            },
            "provide": {
                "psr/http-message-implementation": "1.0"
            },
            "require-dev": {
                "phpunit/phpunit": "~4.0"
            },
            "type": "library",
            "extra": {
                "branch-alias": {
                    "dev-master": "1.4-dev"
                }
            },
            "autoload": {
                "psr-4": {
                    "GuzzleHttp\\Psr7\\": "src/"
                },
                "files": [
                    "src/functions_include.php"
                ]
            },
            "notification-url": "https://packagist.org/downloads/",
            "license": [
                "MIT"
            ],
            "authors": [
                {
                    "name": "Michael Dowling",
                    "email": "mtdowling@gmail.com",
                    "homepage": "https://github.com/mtdowling"
                }
            ],
            "description": "PSR-7 message implementation",
            "keywords": [
                "http",
                "message",
                "stream",
                "uri"
            ],
            "time": "2016-06-24 23:00:38"
        },
        {
            "name": "indieteq/indieteq-php-my-sql-pdo-database-class",
            "version": "v1",
            "source": {
                "type": "git",
                "url": "https://github.com/indieteq/indieteq-php-my-sql-pdo-database-class.git",
                "reference": "eeef1ae69098a728f5cf37033a0c2ee833cb6a3f"
            },
            "dist": {
                "type": "zip",
                "url": "https://packagist.phpcomposer.com/files/indieteq/indieteq-php-my-sql-pdo-database-class/eeef1ae69098a728f5cf37033a0c2ee833cb6a3f.zip",
                "reference": "eeef1ae69098a728f5cf37033a0c2ee833cb6a3f",
                "shasum": ""
            },
            "require": {
                "php": ">=5.3.0"
            },
            "type": "library",
            "notification-url": "https://packagist.org/downloads/",
            "time": "2014-12-15 14:53:56"
        },
        {
            "name": "jaeger/phpquery-single",
            "version": "0.9.7",
            "source": {
                "type": "git",
                "url": "https://github.com/jae-jae/phpQuery-single.git",
                "reference": "4b1dc2b2625a4a142f21a0b85a4254c327dfc5c4"
            },
            "dist": {
                "type": "zip",
                "url": "https://packagist.phpcomposer.com/files/jae-jae/phpQuery-single/4b1dc2b2625a4a142f21a0b85a4254c327dfc5c4.zip",
                "reference": "4b1dc2b2625a4a142f21a0b85a4254c327dfc5c4",
                "shasum": ""
            },
            "require": {
                "php": ">=5.3.0"
            },
            "type": "library",
            "autoload": {
                "classmap": [
                    "phpQuery.php"
                ]
            },
            "notification-url": "https://packagist.org/downloads/",
            "license": [
                "MIT"
            ],
            "authors": [
                {
                    "name": "Tobiasz Cudnik",
                    "email": "tobiasz.cudnik@gmail.com",
                    "homepage": "https://github.com/TobiaszCudnik",
                    "role": "Developer"
                },
                {
                    "name": "Jaeger",
                    "role": "Packager"
                }
            ],
            "description": "phpQuery单文件版本，是Querylist的依赖(http://querylist.cc/)，phpQuery项目主页:http://code.google.com/p/phpquery/",
            "homepage": "http://code.google.com/p/phpquery/",
            "time": "2016-01-02 17:34:12"
        },
        {
            "name": "jaeger/querylist",
            "version": "V3.1.2",
            "source": {
                "type": "git",
                "url": "https://github.com/jae-jae/QueryList.git",
                "reference": "fbea1aaa9479624de92a1ebf143350d7165d819d"
            },
            "dist": {
                "type": "zip",
                "url": "https://packagist.phpcomposer.com/files/jae-jae/QueryList/fbea1aaa9479624de92a1ebf143350d7165d819d.zip",
                "reference": "fbea1aaa9479624de92a1ebf143350d7165d819d",
                "shasum": ""
            },
            "require": {
                "jaeger/phpquery-single": "^0.9.5",
                "php": ">=5.3.0"
            },
            "type": "library",
            "autoload": {
                "psr-4": {
                    "QL\\": ""
                }
            },
            "notification-url": "https://packagist.org/downloads/",
            "license": [
                "MIT"
            ],
            "authors": [
                {
                    "name": "Jaeger",
                    "email": "hj.q@qq.com"
                }
            ],
            "description": "QueryList是基于phpQuery的无比强大的PHP采集工具",
            "homepage": "http://querylist.cc",
            "keywords": [
                "QueryList",
                "phpQuery",
                "spider"
            ],
            "time": "2016-01-06 07:56:03"
        },
        {
            "name": "predis/predis",
            "version": "v1.1.1",
            "source": {
                "type": "git",
                "url": "https://github.com/nrk/predis.git",
                "reference": "f0210e38881631afeafb56ab43405a92cafd9fd1"
            },
            "dist": {
                "type": "zip",
                "url": "https://packagist.phpcomposer.com/files/nrk/predis/f0210e38881631afeafb56ab43405a92cafd9fd1.zip",
                "reference": "f0210e38881631afeafb56ab43405a92cafd9fd1",
                "shasum": ""
            },
            "require": {
                "php": ">=5.3.9"
            },
            "require-dev": {
                "phpunit/phpunit": "~4.8"
            },
            "suggest": {
                "ext-curl": "Allows access to Webdis when paired with phpiredis",
                "ext-phpiredis": "Allows faster serialization and deserialization of the Redis protocol"
            },
            "type": "library",
            "autoload": {
                "psr-4": {
                    "Predis\\": "src/"
                }
            },
            "notification-url": "https://packagist.org/downloads/",
            "license": [
                "MIT"
            ],
            "authors": [
                {
                    "name": "Daniele Alessandri",
                    "email": "suppakilla@gmail.com",
                    "homepage": "http://clorophilla.net"
                }
            ],
            "description": "Flexible and feature-complete Redis client for PHP and HHVM",
            "homepage": "http://github.com/nrk/predis",
            "keywords": [
                "nosql",
                "predis",
                "redis"
            ],
            "time": "2016-06-16 16:22:20"
        },
        {
            "name": "psr/http-message",
            "version": "1.0",
            "source": {
                "type": "git",
                "url": "https://github.com/php-fig/http-message.git",
                "reference": "85d63699f0dbedb190bbd4b0d2b9dc707ea4c298"
            },
            "dist": {
                "type": "zip",
                "url": "https://api.github.com/repos/php-fig/http-message/zipball/85d63699f0dbedb190bbd4b0d2b9dc707ea4c298",
                "reference": "85d63699f0dbedb190bbd4b0d2b9dc707ea4c298",
                "shasum": ""
            },
            "require": {
                "php": ">=5.3.0"
            },
            "type": "library",
            "extra": {
                "branch-alias": {
                    "dev-master": "1.0.x-dev"
                }
            },
            "autoload": {
                "psr-4": {
                    "Psr\\Http\\Message\\": "src/"
                }
            },
            "notification-url": "https://packagist.org/downloads/",
            "license": [
                "MIT"
            ],
            "authors": [
                {
                    "name": "PHP-FIG",
                    "homepage": "http://www.php-fig.org/"
                }
            ],
            "description": "Common interface for HTTP messages",
            "keywords": [
                "http",
                "http-message",
                "psr",
                "psr-7",
                "request",
                "response"
            ],
            "time": "2015-05-04 20:22:00"
        },
        {
            "name": "workerman/workerman",
            "version": "v3.3.3",
            "source": {
                "type": "git",
                "url": "https://github.com/walkor/Workerman.git",
                "reference": "72dcfe49b70566be36cca7426542ea21dec2197b"
            },
            "dist": {
                "type": "zip",
                "url": "https://packagist.phpcomposer.com/files/walkor/Workerman/72dcfe49b70566be36cca7426542ea21dec2197b.zip",
                "reference": "72dcfe49b70566be36cca7426542ea21dec2197b",
                "shasum": ""
            },
            "require": {
                "php": ">=5.3"
            },
            "suggest": {
                "ext-libevent": "For better performance."
            },
            "type": "project",
            "autoload": {
                "psr-4": {
                    "Workerman\\": "./"
                }
            },
            "notification-url": "https://packagist.org/downloads/",
            "license": [
                "MIT"
            ],
            "authors": [
                {
                    "name": "walkor",
                    "email": "walkor@workerman.net",
                    "homepage": "http://www.workerman.net",
                    "role": "Developer"
                }
            ],
            "description": "An asynchronous event driven PHP framework for easily building fast, scalable network applications.",
            "homepage": "http://www.workerman.net",
            "keywords": [
                "asynchronous",
                "event-loop"
            ],
            "time": "2016-07-01 12:40:31"
        },
        {
            "name": "xiaoler/blade",
            "version": "0.2.2",
            "source": {
                "type": "git",
                "url": "https://github.com/XiaoLer/blade.git",
                "reference": "c09532871e148124b1e801eec91f81249e503d8a"
            },
            "dist": {
                "type": "zip",
                "url": "https://packagist.phpcomposer.com/files/XiaoLer/blade/c09532871e148124b1e801eec91f81249e503d8a.zip",
                "reference": "c09532871e148124b1e801eec91f81249e503d8a",
                "shasum": ""
            },
            "require": {
                "php": ">=5.4.0"
            },
            "type": "library",
            "autoload": {
                "files": [
                    "src/helpers.php"
                ],
                "psr-4": {
                    "Xiaoler\\Blade\\": "src/"
                }
            },
            "notification-url": "https://packagist.org/downloads/",
            "license": [
                "MIT"
            ],
            "authors": [
                {
                    "name": "Scholer Liu",
                    "email": "scholer_l@live.com"
                }
            ],
            "description": "an independent version of laravel view template - blade",
            "homepage": "http://0x1.im",
            "time": "2015-10-24 14:05:20"
        }
    ],
    "packages-dev": [],
    "aliases": [],
    "minimum-stability": "stable",
    "stability-flags": [],
    "prefer-stable": false,
    "prefer-lowest": false,
    "platform": [],
    "platform-dev": []
}
